
Microsoft Visual Studio Solution File, Format Version 12.00
# Visual Studio Version 17
VisualStudioVersion = 17.14.36414.22 d17.14
MinimumVisualStudioVersion = 10.0.40219.1
Project("{FAE04EC0-301F-11D3-BF4B-00C04F79EFBC}") = "8", "8.csproj", "{7BA3B430-80CC-49DE-B424-5FFE03AE5830}"
EndProject
Global
	GlobalSection(SolutionConfigurationPlatforms) = preSolution
		Debug|Any CPU = Debug|Any CPU
		Release|Any CPU = Release|Any CPU
	EndGlobalSection
	GlobalSection(ProjectConfigurationPlatforms) = postSolution
		{7BA3B430-80CC-49DE-B424-5FFE03AE5830}.Debug|Any CPU.ActiveCfg = Debug|Any CPU
		{7BA3B430-80CC-49DE-B424-5FFE03AE5830}.Debug|Any CPU.Build.0 = Debug|Any CPU
		{7BA3B430-80CC-49DE-B424-5FFE03AE5830}.Release|Any CPU.ActiveCfg = Release|Any CPU
		{7BA3B430-80CC-49DE-B424-5FFE03AE5830}.Release|Any CPU.Build.0 = Release|Any CPU
	EndGlobalSection
	GlobalSection(SolutionProperties) = preSolution
		HideSolutionNode = FALSE
	EndGlobalSection
	GlobalSection(ExtensibilityGlobals) = postSolution
		SolutionGuid = {FDB0AC5B-C9FD-461E-80B9-D7D530DFC3B3}
	EndGlobalSection
EndGlobal
